<?xml version="1.0" encoding="utf-8"?>
<Project ToolsVersion="4.0" xmlns="http://schemas.microsoft.com/developer/msbuild/2003">
  <ItemGroup>
    <Filter Include="Resource Files">
      <UniqueIdentifier>{659ac108-af58-4521-8a66-23e139b85f79}</UniqueIdentifier>
    </Filter>
    <Filter Include="Header Files">
      <UniqueIdentifier>{130134f4-6370-4786-8f9e-2ed03e8fb9b0}</UniqueIdentifier>
    </Filter>
    <Filter Include="Source Files">
      <UniqueIdentifier>{1dc21e1f-63d0-4663-894d-d85c70142486}</UniqueIdentifier>
    </Filter>
  </ItemGroup>
  <ItemGroup>
    <None Include="res\cursor1.cur">
      <Filter>Resource Files</Filter>
    </None>
    <None Include="Postal Plus.ini" />
  </ItemGroup>
  <ItemGroup>
    <Image Include="res\eye.ico">
      <Filter>Resource Files</Filter>
    </Image>
    <Image Include="res\guy.ico">
      <Filter>Resource Files</Filter>
    </Image>
    <Image Include="res\mouth.ico">
      <Filter>Resource Files</Filter>
    </Image>
    <Image Include="res\Postal Plus.ico">
      <Filter>Resource Files</Filter>
    </Image>
    <Image Include="res\rws.ico">
      <Filter>Resource Files</Filter>
    </Image>
    <Image Include="res\sign.ico">
      <Filter>Resource Files</Filter>
    </Image>
    <Image Include="res\skull.ico">
      <Filter>Resource Files</Filter>
    </Image>
    <Image Include="res\teeth.ico">
      <Filter>Resource Files</Filter>
    </Image>
  </ItemGroup>
  <ItemGroup>
    <Text Include="Postal Plus.txt" />
  </ItemGroup>
  <ItemGroup>
    <ResourceCompile Include="res\Postal.rc" />
  </ItemGroup>
  <ItemGroup>
    <ClCompile Include="..\..\game\source\credits.cpp">
      <Filter>Source Files</Filter>
    </ClCompile>
    <ClCompile Include="..\..\game\source\game.cpp">
      <Filter>Source Files</Filter>
    </ClCompile>
    <ClCompile Include="..\..\game\source\input.cpp">
      <Filter>Source Files</Filter>
    </ClCompile>
    <ClCompile Include="..\..\game\source\localize.cpp">
      <Filter>Source Files</Filter>
    </ClCompile>
    <ClCompile Include="..\..\game\source\main.cpp">
      <Filter>Source Files</Filter>
    </ClCompile>
    <ClCompile Include="..\..\game\source\menus.cpp">
      <Filter>Source Files</Filter>
    </ClCompile>
    <ClCompile Include="..\..\game\source\play.cpp">
      <Filter>Source Files</Filter>
    </ClCompile>
    <ClCompile Include="..\..\game\source\SampleMaster.cpp">
      <Filter>Source Files</Filter>
    </ClCompile>
    <ClCompile Include="..\..\game\source\title.cpp">
      <Filter>Source Files</Filter>
    </ClCompile>
    <ClCompile Include="..\..\game\source\aivars.cpp">
      <Filter>Source Files</Filter>
    </ClCompile>
    <ClCompile Include="..\..\game\source\band.cpp">
      <Filter>Source Files</Filter>
    </ClCompile>
  </ItemGroup>
  <ItemGroup>
    <ClInclude Include="..\..\game\include\credits.h">
      <Filter>Header Files</Filter>
    </ClInclude>
    <ClInclude Include="..\..\game\include\game.h">
      <Filter>Header Files</Filter>
    </ClInclude>
    <ClInclude Include="..\..\game\include\input.h">
      <Filter>Header Files</Filter>
    </ClInclude>
    <ClInclude Include="..\..\game\include\localize.h">
      <Filter>Header Files</Filter>
    </ClInclude>
    <ClInclude Include="..\..\game\include\main.h">
      <Filter>Header Files</Filter>
    </ClInclude>
    <ClInclude Include="..\..\game\include\menus.h">
      <Filter>Header Files</Filter>
    </ClInclude>
    <ClInclude Include="..\..\game\include\play.h">
      <Filter>Header Files</Filter>
    </ClInclude>
    <ClInclude Include="..\..\game\include\SampleMaster.h">
      <Filter>Header Files</Filter>
    </ClInclude>
    <ClInclude Include="..\..\game\include\band.h">
      <Filter>Header Files</Filter>
    </ClInclude>
  </ItemGroup>
</Project>